
Microsoft Visual Studio Solution File, Format Version 12.00
# Visual Studio Version 16
VisualStudioVersion = 25.0.1704.2
MinimumVisualStudioVersion = 10.0.40219.1
Project("{FAE04EC0-301F-11D3-BF4B-00C04F79EFBC}") = "aspnet_capstone_starter_net7", "aspnet_capstone_starter_net7\aspnet_capstone_starter_net7.csproj", "{6EE05211-8570-4DC8-AAEB-473E4E01CBE6}"
EndProject
Global
	GlobalSection(SolutionConfigurationPlatforms) = preSolution
		Debug|Any CPU = Debug|Any CPU
		Release|Any CPU = Release|Any CPU
	EndGlobalSection
	GlobalSection(ProjectConfigurationPlatforms) = postSolution
		{6EE05211-8570-4DC8-AAEB-473E4E01CBE6}.Debug|Any CPU.ActiveCfg = Debug|Any CPU
		{6EE05211-8570-4DC8-AAEB-473E4E01CBE6}.Debug|Any CPU.Build.0 = Debug|Any CPU
		{6EE05211-8570-4DC8-AAEB-473E4E01CBE6}.Release|Any CPU.ActiveCfg = Release|Any CPU
		{6EE05211-8570-4DC8-AAEB-473E4E01CBE6}.Release|Any CPU.Build.0 = Release|Any CPU
	EndGlobalSection
	GlobalSection(SolutionProperties) = preSolution
		HideSolutionNode = FALSE
	EndGlobalSection
	GlobalSection(ExtensibilityGlobals) = postSolution
		SolutionGuid = {B10ECBCE-AE45-4E78-8E20-B881E060F379}
	EndGlobalSection
EndGlobal
